
Microsoft Visual Studio Solution File, Format Version 12.00
# Visual Studio Version 16
VisualStudioVersion = 16.0.30309.148
MinimumVisualStudioVersion = 10.0.40219.1
Project("{FAE04EC0-301F-11D3-BF4B-00C04F79EFBC}") = "JWT_Decoding", "JWT_Decoding\JWT_Decoding.csproj", "{06CD7453-F77B-49B6-9A2E-87A4CFA29C1C}"
EndProject
Global
	GlobalSection(SolutionConfigurationPlatforms) = preSolution
		Debug|Any CPU = Debug|Any CPU
		Release|Any CPU = Release|Any CPU
	EndGlobalSection
	GlobalSection(ProjectConfigurationPlatforms) = postSolution
		{06CD7453-F77B-49B6-9A2E-87A4CFA29C1C}.Debug|Any CPU.ActiveCfg = Debug|Any CPU
		{06CD7453-F77B-49B6-9A2E-87A4CFA29C1C}.Debug|Any CPU.Build.0 = Debug|Any CPU
		{06CD7453-F77B-49B6-9A2E-87A4CFA29C1C}.Release|Any CPU.ActiveCfg = Release|Any CPU
		{06CD7453-F77B-49B6-9A2E-87A4CFA29C1C}.Release|Any CPU.Build.0 = Release|Any CPU
	EndGlobalSection
	GlobalSection(SolutionProperties) = preSolution
		HideSolutionNode = FALSE
	EndGlobalSection
	GlobalSection(ExtensibilityGlobals) = postSolution
		SolutionGuid = {13030758-367F-4C4E-AE75-1EEB239A8CF0}
	EndGlobalSection
EndGlobal
